--only-binary=:all:
--require-hashes

pypdfium2==5.13.0 \
    --hash=sha256:81df25c1ab4c13ff773102d3cbea1967511d079123b067fc077bd0c4d57d91d8 \
    --hash=sha256:9ee8c2bb2e68b396ab4a763215ac100dacb6b96d0da5bebeb239a021aecc3a7e \
    --hash=sha256:2abedfb5c70992b19c780ed58d7f7b929e8ce8ee52c9140158f44317c90ec6c7 \
    --hash=sha256:da5c7b74eebf40b5c1fbe1de01aa1edc8827a79fb1efd999616bc20dcaf77ba4 \
    --hash=sha256:47dcca2a8d507b5fd24f94c3c9d48fb379430f097bc20f01beff6c963ffbcedb \
    --hash=sha256:554a0b23376460af1410e3c915906895e2dac67a086b9e6ccde0643a795d3b0d
